
Microsoft Visual Studio Solution File, Format Version 12.00
# Visual Studio Version 16
VisualStudioVersion = 16.0.31205.134
MinimumVisualStudioVersion = 10.0.40219.1
Project("{FAE04EC0-301F-11D3-BF4B-00C04F79EFBC}") = "Pusle-mobiilirakendus-Xamarin.Android", "Pusle-mobiilirakendus-Xamarin.Android\Pusle-mobiilirakendus-Xamarin.Android.csproj", "{91D70C29-BFB4-40C5-8183-9C027597CC34}"
EndProject
Project("{FAE04EC0-301F-11D3-BF4B-00C04F79EFBC}") = "Pusle-mobiilirakendus-Xamarin.iOS", "Pusle-mobiilirakendus-Xamarin.iOS\Pusle-mobiilirakendus-Xamarin.iOS.csproj", "{530C3280-63F1-4CF3-A663-35EAE6BEAD99}"
EndProject
Project("{FAE04EC0-301F-11D3-BF4B-00C04F79EFBC}") = "Pusle-mobiilirakendus-Xamarin", "Pusle-mobiilirakendus-Xamarin\Pusle-mobiilirakendus-Xamarin.csproj", "{CF8C53A2-4C5F-43E5-8B66-1266B7D46C39}"
EndProject
Global
	GlobalSection(SolutionConfigurationPlatforms) = preSolution
		Debug|Any CPU = Debug|Any CPU
		Debug|iPhone = Debug|iPhone
		Debug|iPhoneSimulator = Debug|iPhoneSimulator
		Release|Any CPU = Release|Any CPU
		Release|iPhone = Release|iPhone
		Release|iPhoneSimulator = Release|iPhoneSimulator
	EndGlobalSection
	GlobalSection(ProjectConfigurationPlatforms) = postSolution
		{91D70C29-BFB4-40C5-8183-9C027597CC34}.Debug|Any CPU.ActiveCfg = Debug|Any CPU
		{91D70C29-BFB4-40C5-8183-9C027597CC34}.Debug|Any CPU.Build.0 = Debug|Any CPU
		{91D70C29-BFB4-40C5-8183-9C027597CC34}.Debug|Any CPU.Deploy.0 = Debug|Any CPU
		{91D70C29-BFB4-40C5-8183-9C027597CC34}.Debug|iPhone.ActiveCfg = Debug|Any CPU
		{91D70C29-BFB4-40C5-8183-9C027597CC34}.Debug|iPhone.Build.0 = Debug|Any CPU
		{91D70C29-BFB4-40C5-8183-9C027597CC34}.Debug|iPhone.Deploy.0 = Debug|Any CPU
		{91D70C29-BFB4-40C5-8183-9C027597CC34}.Debug|iPhoneSimulator.ActiveCfg = Debug|Any CPU
		{91D70C29-BFB4-40C5-8183-9C027597CC34}.Debug|iPhoneSimulator.Build.0 = Debug|Any CPU
		{91D70C29-BFB4-40C5-8183-9C027597CC34}.Debug|iPhoneSimulator.Deploy.0 = Debug|Any CPU
		{91D70C29-BFB4-40C5-8183-9C027597CC34}.Release|Any CPU.ActiveCfg = Release|Any CPU
		{91D70C29-BFB4-40C5-8183-9C027597CC34}.Release|Any CPU.Build.0 = Release|Any CPU
		{91D70C29-BFB4-40C5-8183-9C027597CC34}.Release|Any CPU.Deploy.0 = Release|Any CPU
		{91D70C29-BFB4-40C5-8183-9C027597CC34}.Release|iPhone.ActiveCfg = Release|Any CPU
		{91D70C29-BFB4-40C5-8183-9C027597CC34}.Release|iPhone.Build.0 = Release|Any CPU
		{91D70C29-BFB4-40C5-8183-9C027597CC34}.Release|iPhone.Deploy.0 = Release|Any CPU
		{91D70C29-BFB4-40C5-8183-9C027597CC34}.Release|iPhoneSimulator.ActiveCfg = Release|Any CPU
		{91D70C29-BFB4-40C5-8183-9C027597CC34}.Release|iPhoneSimulator.Build.0 = Release|Any CPU
		{91D70C29-BFB4-40C5-8183-9C027597CC34}.Release|iPhoneSimulator.Deploy.0 = Release|Any CPU
		{530C3280-63F1-4CF3-A663-35EAE6BEAD99}.Debug|Any CPU.ActiveCfg = Debug|iPhone
		{530C3280-63F1-4CF3-A663-35EAE6BEAD99}.Debug|Any CPU.Build.0 = Debug|iPhone
		{530C3280-63F1-4CF3-A663-35EAE6BEAD99}.Debug|Any CPU.Deploy.0 = Debug|iPhone
		{530C3280-63F1-4CF3-A663-35EAE6BEAD99}.Debug|iPhone.ActiveCfg = Debug|iPhone
		{530C3280-63F1-4CF3-A663-35EAE6BEAD99}.Debug|iPhone.Build.0 = Debug|iPhone
		{530C3280-63F1-4CF3-A663-35EAE6BEAD99}.Debug|iPhone.Deploy.0 = Debug|iPhone
		{530C3280-63F1-4CF3-A663-35EAE6BEAD99}.Debug|iPhoneSimulator.ActiveCfg = Debug|iPhoneSimulator
		{530C3280-63F1-4CF3-A663-35EAE6BEAD99}.Debug|iPhoneSimulator.Build.0 = Debug|iPhoneSimulator
		{530C3280-63F1-4CF3-A663-35EAE6BEAD99}.Debug|iPhoneSimulator.Deploy.0 = Debug|iPhoneSimulator
		{530C3280-63F1-4CF3-A663-35EAE6BEAD99}.Release|Any CPU.ActiveCfg = Release|iPhoneSimulator
		{530C3280-63F1-4CF3-A663-35EAE6BEAD99}.Release|Any CPU.Build.0 = Release|iPhoneSimulator
		{530C3280-63F1-4CF3-A663-35EAE6BEAD99}.Release|Any CPU.Deploy.0 = Release|iPhoneSimulator
		{530C3280-63F1-4CF3-A663-35EAE6BEAD99}.Release|iPhone.ActiveCfg = Release|iPhone
		{530C3280-63F1-4CF3-A663-35EAE6BEAD99}.Release|iPhone.Build.0 = Release|iPhone
		{530C3280-63F1-4CF3-A663-35EAE6BEAD99}.Release|iPhone.Deploy.0 = Release|iPhone
		{530C3280-63F1-4CF3-A663-35EAE6BEAD99}.Release|iPhoneSimulator.ActiveCfg = Release|iPhoneSimulator
		{530C3280-63F1-4CF3-A663-35EAE6BEAD99}.Release|iPhoneSimulator.Build.0 = Release|iPhoneSimulator
		{530C3280-63F1-4CF3-A663-35EAE6BEAD99}.Release|iPhoneSimulator.Deploy.0 = Release|iPhoneSimulator
		{CF8C53A2-4C5F-43E5-8B66-1266B7D46C39}.Debug|Any CPU.ActiveCfg = Debug|Any CPU
		{CF8C53A2-4C5F-43E5-8B66-1266B7D46C39}.Debug|Any CPU.Build.0 = Debug|Any CPU
		{CF8C53A2-4C5F-43E5-8B66-1266B7D46C39}.Debug|Any CPU.Deploy.0 = Debug|Any CPU
		{CF8C53A2-4C5F-43E5-8B66-1266B7D46C39}.Debug|iPhone.ActiveCfg = Debug|Any CPU
		{CF8C53A2-4C5F-43E5-8B66-1266B7D46C39}.Debug|iPhone.Build.0 = Debug|Any CPU
		{CF8C53A2-4C5F-43E5-8B66-1266B7D46C39}.Debug|iPhone.Deploy.0 = Debug|Any CPU
		{CF8C53A2-4C5F-43E5-8B66-1266B7D46C39}.Debug|iPhoneSimulator.ActiveCfg = Debug|Any CPU
		{CF8C53A2-4C5F-43E5-8B66-1266B7D46C39}.Debug|iPhoneSimulator.Build.0 = Debug|Any CPU
		{CF8C53A2-4C5F-43E5-8B66-1266B7D46C39}.Debug|iPhoneSimulator.Deploy.0 = Debug|Any CPU
		{CF8C53A2-4C5F-43E5-8B66-1266B7D46C39}.Release|Any CPU.ActiveCfg = Release|Any CPU
		{CF8C53A2-4C5F-43E5-8B66-1266B7D46C39}.Release|Any CPU.Build.0 = Release|Any CPU
		{CF8C53A2-4C5F-43E5-8B66-1266B7D46C39}.Release|Any CPU.Deploy.0 = Release|Any CPU
		{CF8C53A2-4C5F-43E5-8B66-1266B7D46C39}.Release|iPhone.ActiveCfg = Release|Any CPU
		{CF8C53A2-4C5F-43E5-8B66-1266B7D46C39}.Release|iPhone.Build.0 = Release|Any CPU
		{CF8C53A2-4C5F-43E5-8B66-1266B7D46C39}.Release|iPhone.Deploy.0 = Release|Any CPU
		{CF8C53A2-4C5F-43E5-8B66-1266B7D46C39}.Release|iPhoneSimulator.ActiveCfg = Release|Any CPU
		{CF8C53A2-4C5F-43E5-8B66-1266B7D46C39}.Release|iPhoneSimulator.Build.0 = Release|Any CPU
		{CF8C53A2-4C5F-43E5-8B66-1266B7D46C39}.Release|iPhoneSimulator.Deploy.0 = Release|Any CPU
	EndGlobalSection
	GlobalSection(SolutionProperties) = preSolution
		HideSolutionNode = FALSE
	EndGlobalSection
	GlobalSection(ExtensibilityGlobals) = postSolution
		SolutionGuid = {D6B43360-A344-4721-8697-EE34F55AAA15}
	EndGlobalSection
EndGlobal
